{
  "originHash" : "d9568419f6ef9f37d789558afb2735dd74acc8183274f968571366c0cc6b2f61",
  "pins" : [
    {
      "identity" : "fluidaudio",
      "kind" : "remoteSourceControl",
      "location" : "https://github.com/FluidInference/FluidAudio.git",
      "state" : {
        "revision" : "a6b826ce9a09028fc685a4b32a8927ec920c3188",
        "version" : "0.17.3"
      }
    }
  ],
  "version" : 3
}
